
Microsoft Visual Studio Solution File, Format Version 12.00
# Visual Studio Version 17
VisualStudioVersion = 17.7.34024.191
MinimumVisualStudioVersion = 10.0.40219.1
Project("{FAE04EC0-301F-11D3-BF4B-00C04F79EFBC}") = "Adapter pattern", "Adapter pattern.csproj", "{98935535-843C-45E1-97F1-345CB07150A6}"
EndProject
Global
	GlobalSection(SolutionConfigurationPlatforms) = preSolution
		Debug|Any CPU = Debug|Any CPU
		Release|Any CPU = Release|Any CPU
	EndGlobalSection
	GlobalSection(ProjectConfigurationPlatforms) = postSolution
		{98935535-843C-45E1-97F1-345CB07150A6}.Debug|Any CPU.ActiveCfg = Debug|Any CPU
		{98935535-843C-45E1-97F1-345CB07150A6}.Debug|Any CPU.Build.0 = Debug|Any CPU
		{98935535-843C-45E1-97F1-345CB07150A6}.Release|Any CPU.ActiveCfg = Release|Any CPU
		{98935535-843C-45E1-97F1-345CB07150A6}.Release|Any CPU.Build.0 = Release|Any CPU
	EndGlobalSection
	GlobalSection(SolutionProperties) = preSolution
		HideSolutionNode = FALSE
	EndGlobalSection
	GlobalSection(ExtensibilityGlobals) = postSolution
		SolutionGuid = {B7E9B1A2-7D81-4EDB-8B9C-E3E6D82B6E6E}
	EndGlobalSection
EndGlobal
